
Microsoft Visual Studio Solution File, Format Version 12.00
# Visual Studio Version 16
VisualStudioVersion = 16.0.30523.141
MinimumVisualStudioVersion = 10.0.40219.1
Project("{9A19103F-16F7-4668-BE54-9A1E7A4F7556}") = "Calendar", "Calendar\Calendar.csproj", "{F755579E-0F5A-4963-95F0-431055B989EA}"
EndProject
Global
	GlobalSection(SolutionConfigurationPlatforms) = preSolution
		Debug|Any CPU = Debug|Any CPU
		Release|Any CPU = Release|Any CPU
	EndGlobalSection
	GlobalSection(ProjectConfigurationPlatforms) = postSolution
		{F755579E-0F5A-4963-95F0-431055B989EA}.Debug|Any CPU.ActiveCfg = Debug|Any CPU
		{F755579E-0F5A-4963-95F0-431055B989EA}.Debug|Any CPU.Build.0 = Debug|Any CPU
		{F755579E-0F5A-4963-95F0-431055B989EA}.Release|Any CPU.ActiveCfg = Release|Any CPU
		{F755579E-0F5A-4963-95F0-431055B989EA}.Release|Any CPU.Build.0 = Release|Any CPU
	EndGlobalSection
	GlobalSection(SolutionProperties) = preSolution
		HideSolutionNode = FALSE
	EndGlobalSection
	GlobalSection(ExtensibilityGlobals) = postSolution
		SolutionGuid = {9266EC63-6ECF-4B33-A831-1647441AE66C}
	EndGlobalSection
EndGlobal
